
Microsoft Visual Studio Solution File, Format Version 11.00
# Visual Studio 2010
Project("{2150E333-8FDC-42A3-9474-1A3956D46DE8}") = "source", "source", "{094EEDCF-3029-46E9-A492-51BCE90A6F05}"
EndProject
Project("{2150E333-8FDC-42A3-9474-1A3956D46DE8}") = "tests", "tests", "{2F0D1B6B-8A34-4641-800D-E8574D6D430E}"
EndProject
Project("{FAE04EC0-301F-11D3-BF4B-00C04F79EFBC}") = "rocketsockets.test", "..\tests\rocketsockets.test\rocketsockets.test.csproj", "{8BA98D4C-16B1-42C3-9F58-A4700366A685}"
EndProject
Project("{FAE04EC0-301F-11D3-BF4B-00C04F79EFBC}") = "rocketsockets", "..\src\rocketsockets\rocketsockets.csproj", "{F00115B6-08B9-474B-93FD-F6BD619C5054}"
EndProject
Project("{FAE04EC0-301F-11D3-BF4B-00C04F79EFBC}") = "hotstack", "..\src\hotstack\hotstack.csproj", "{349D0362-DCB5-487B-A0FB-9CD1CD84018A}"
EndProject
Project("{2150E333-8FDC-42A3-9474-1A3956D46DE8}") = "demo", "demo", "{E203420D-2361-48EE-9269-4F05B13F6DAB}"
EndProject
Project("{FAE04EC0-301F-11D3-BF4B-00C04F79EFBC}") = "hawtness", "..\demo\hawtness\hawtness.csproj", "{63D9B337-9E5D-40E1-8524-7D56572D0EE3}"
EndProject
Global
	GlobalSection(SolutionConfigurationPlatforms) = preSolution
		Debug|Any CPU = Debug|Any CPU
		Debug|Mixed Platforms = Debug|Mixed Platforms
		Debug|x86 = Debug|x86
		Release|Any CPU = Release|Any CPU
		Release|Mixed Platforms = Release|Mixed Platforms
		Release|x86 = Release|x86
	EndGlobalSection
	GlobalSection(ProjectConfigurationPlatforms) = postSolution
		{8BA98D4C-16B1-42C3-9F58-A4700366A685}.Debug|Any CPU.ActiveCfg = Debug|Any CPU
		{8BA98D4C-16B1-42C3-9F58-A4700366A685}.Debug|Any CPU.Build.0 = Debug|Any CPU
		{8BA98D4C-16B1-42C3-9F58-A4700366A685}.Debug|Mixed Platforms.ActiveCfg = Debug|Any CPU
		{8BA98D4C-16B1-42C3-9F58-A4700366A685}.Debug|Mixed Platforms.Build.0 = Debug|Any CPU
		{8BA98D4C-16B1-42C3-9F58-A4700366A685}.Debug|x86.ActiveCfg = Debug|Any CPU
		{8BA98D4C-16B1-42C3-9F58-A4700366A685}.Release|Any CPU.ActiveCfg = Release|Any CPU
		{8BA98D4C-16B1-42C3-9F58-A4700366A685}.Release|Any CPU.Build.0 = Release|Any CPU
		{8BA98D4C-16B1-42C3-9F58-A4700366A685}.Release|Mixed Platforms.ActiveCfg = Release|Any CPU
		{8BA98D4C-16B1-42C3-9F58-A4700366A685}.Release|Mixed Platforms.Build.0 = Release|Any CPU
		{8BA98D4C-16B1-42C3-9F58-A4700366A685}.Release|x86.ActiveCfg = Release|Any CPU
		{F00115B6-08B9-474B-93FD-F6BD619C5054}.Debug|Any CPU.ActiveCfg = Debug|Any CPU
		{F00115B6-08B9-474B-93FD-F6BD619C5054}.Debug|Any CPU.Build.0 = Debug|Any CPU
		{F00115B6-08B9-474B-93FD-F6BD619C5054}.Debug|Mixed Platforms.ActiveCfg = Debug|Any CPU
		{F00115B6-08B9-474B-93FD-F6BD619C5054}.Debug|Mixed Platforms.Build.0 = Debug|Any CPU
		{F00115B6-08B9-474B-93FD-F6BD619C5054}.Debug|x86.ActiveCfg = Debug|Any CPU
		{F00115B6-08B9-474B-93FD-F6BD619C5054}.Release|Any CPU.ActiveCfg = Release|Any CPU
		{F00115B6-08B9-474B-93FD-F6BD619C5054}.Release|Any CPU.Build.0 = Release|Any CPU
		{F00115B6-08B9-474B-93FD-F6BD619C5054}.Release|Mixed Platforms.ActiveCfg = Release|Any CPU
		{F00115B6-08B9-474B-93FD-F6BD619C5054}.Release|Mixed Platforms.Build.0 = Release|Any CPU
		{F00115B6-08B9-474B-93FD-F6BD619C5054}.Release|x86.ActiveCfg = Release|Any CPU
		{349D0362-DCB5-487B-A0FB-9CD1CD84018A}.Debug|Any CPU.ActiveCfg = Debug|Any CPU
		{349D0362-DCB5-487B-A0FB-9CD1CD84018A}.Debug|Any CPU.Build.0 = Debug|Any CPU
		{349D0362-DCB5-487B-A0FB-9CD1CD84018A}.Debug|Mixed Platforms.ActiveCfg = Debug|Any CPU
		{349D0362-DCB5-487B-A0FB-9CD1CD84018A}.Debug|Mixed Platforms.Build.0 = Debug|Any CPU
		{349D0362-DCB5-487B-A0FB-9CD1CD84018A}.Debug|x86.ActiveCfg = Debug|Any CPU
		{349D0362-DCB5-487B-A0FB-9CD1CD84018A}.Release|Any CPU.ActiveCfg = Release|Any CPU
		{349D0362-DCB5-487B-A0FB-9CD1CD84018A}.Release|Any CPU.Build.0 = Release|Any CPU
		{349D0362-DCB5-487B-A0FB-9CD1CD84018A}.Release|Mixed Platforms.ActiveCfg = Release|Any CPU
		{349D0362-DCB5-487B-A0FB-9CD1CD84018A}.Release|Mixed Platforms.Build.0 = Release|Any CPU
		{349D0362-DCB5-487B-A0FB-9CD1CD84018A}.Release|x86.ActiveCfg = Release|Any CPU
		{63D9B337-9E5D-40E1-8524-7D56572D0EE3}.Debug|Any CPU.ActiveCfg = Debug|x86
		{63D9B337-9E5D-40E1-8524-7D56572D0EE3}.Debug|Mixed Platforms.ActiveCfg = Debug|x86
		{63D9B337-9E5D-40E1-8524-7D56572D0EE3}.Debug|Mixed Platforms.Build.0 = Debug|x86
		{63D9B337-9E5D-40E1-8524-7D56572D0EE3}.Debug|x86.ActiveCfg = Debug|x86
		{63D9B337-9E5D-40E1-8524-7D56572D0EE3}.Debug|x86.Build.0 = Debug|x86
		{63D9B337-9E5D-40E1-8524-7D56572D0EE3}.Release|Any CPU.ActiveCfg = Release|x86
		{63D9B337-9E5D-40E1-8524-7D56572D0EE3}.Release|Mixed Platforms.ActiveCfg = Release|x86
		{63D9B337-9E5D-40E1-8524-7D56572D0EE3}.Release|Mixed Platforms.Build.0 = Release|x86
		{63D9B337-9E5D-40E1-8524-7D56572D0EE3}.Release|x86.ActiveCfg = Release|x86
		{63D9B337-9E5D-40E1-8524-7D56572D0EE3}.Release|x86.Build.0 = Release|x86
	EndGlobalSection
	GlobalSection(SolutionProperties) = preSolution
		HideSolutionNode = FALSE
	EndGlobalSection
	GlobalSection(NestedProjects) = preSolution
		{F00115B6-08B9-474B-93FD-F6BD619C5054} = {094EEDCF-3029-46E9-A492-51BCE90A6F05}
		{349D0362-DCB5-487B-A0FB-9CD1CD84018A} = {094EEDCF-3029-46E9-A492-51BCE90A6F05}
		{8BA98D4C-16B1-42C3-9F58-A4700366A685} = {2F0D1B6B-8A34-4641-800D-E8574D6D430E}
		{63D9B337-9E5D-40E1-8524-7D56572D0EE3} = {E203420D-2361-48EE-9269-4F05B13F6DAB}
	EndGlobalSection
EndGlobal
